
Microsoft Visual Studio Solution File, Format Version 12.00
# Visual Studio Version 17
VisualStudioVersion = 17.7.34202.233
MinimumVisualStudioVersion = 10.0.40219.1
Project("{9A19103F-16F7-4668-BE54-9A1E7A4F7556}") = "CodeArt", "CodeArt\CodeArt.csproj", "{AB7CB1A7-55F6-49AE-A880-274850278B6D}"
EndProject
Project("{9A19103F-16F7-4668-BE54-9A1E7A4F7556}") = "CodeArt.DomainDriven", "CodeArt.DomainDriven\CodeArt.DomainDriven.csproj", "{07C8604D-F115-437F-B0A7-15202B9AD52C}"
EndProject
Project("{9A19103F-16F7-4668-BE54-9A1E7A4F7556}") = "CodeArt.EasyMQ", "CodeArt.EasyMQ\CodeArt.EasyMQ.csproj", "{BE760E01-93BC-40A0-80A4-584B539E9E33}"
EndProject
Project("{2150E333-8FDC-42A3-9474-1A3956D46DE8}") = "Core", "Core", "{4B636B23-514A-4600-B893-B3939879605A}"
EndProject
Project("{2150E333-8FDC-42A3-9474-1A3956D46DE8}") = "DomainDriven", "DomainDriven", "{CC6DBD75-2E39-4869-9803-A37042D8A8C7}"
EndProject
Project("{2150E333-8FDC-42A3-9474-1A3956D46DE8}") = "EasyMQ", "EasyMQ", "{DE51109D-CCB8-437A-9185-B19792753A9E}"
EndProject
Project("{9A19103F-16F7-4668-BE54-9A1E7A4F7556}") = "CodeArt.DomainDriven.DataAccess", "CodeArt.DomainDriven.DataAccess\CodeArt.DomainDriven.DataAccess.csproj", "{D3889D8D-675C-4DE9-8360-7A57A5A7018A}"
EndProject
Project("{9A19103F-16F7-4668-BE54-9A1E7A4F7556}") = "CodeArt.DomainDriven.Extensions", "CodeArt.DomainDriven.Extensions\CodeArt.DomainDriven.Extensions.csproj", "{F79D95A2-C06A-4EAB-8A94-A4A37CE7C8CE}"
EndProject
Project("{9A19103F-16F7-4668-BE54-9A1E7A4F7556}") = "CodeArt.RabbitMQ", "CodeArt.RabbitMQ\CodeArt.RabbitMQ.csproj", "{5F875EC3-CC4E-4A6E-996F-AC52D3DC9BFA}"
EndProject
Project("{2150E333-8FDC-42A3-9474-1A3956D46DE8}") = "ServiceModel", "ServiceModel", "{128C3CB4-5D2C-4977-AEC2-17E51B26BB56}"
EndProject
Project("{9A19103F-16F7-4668-BE54-9A1E7A4F7556}") = "CodeArt.ServiceModel", "CodeArt.ServiceModel\CodeArt.ServiceModel.csproj", "{1BC55AA7-519D-45BC-B100-B3D9258E1123}"
EndProject
Project("{9A19103F-16F7-4668-BE54-9A1E7A4F7556}") = "CodeArt.ServiceModel.MQ", "CodeArt.ServiceModel.MQ\CodeArt.ServiceModel.MQ.csproj", "{C7FB2A3C-2014-43FA-97B5-8096BA407FF6}"
EndProject
Project("{2150E333-8FDC-42A3-9474-1A3956D46DE8}") = "Web", "Web", "{8C558B35-8737-4953-88C4-C563F030E479}"
EndProject
Project("{FAE04EC0-301F-11D3-BF4B-00C04F79EFBC}") = "CodeArt.Web", "CodeArt.Web\CodeArt.Web.csproj", "{C10652E8-E2FF-4E2F-B241-D9C1C12BA1D7}"
EndProject
Global
	GlobalSection(SolutionConfigurationPlatforms) = preSolution
		Debug|Any CPU = Debug|Any CPU
		Release|Any CPU = Release|Any CPU
	EndGlobalSection
	GlobalSection(ProjectConfigurationPlatforms) = postSolution
		{AB7CB1A7-55F6-49AE-A880-274850278B6D}.Debug|Any CPU.ActiveCfg = Debug|Any CPU
		{AB7CB1A7-55F6-49AE-A880-274850278B6D}.Debug|Any CPU.Build.0 = Debug|Any CPU
		{AB7CB1A7-55F6-49AE-A880-274850278B6D}.Release|Any CPU.ActiveCfg = Release|Any CPU
		{AB7CB1A7-55F6-49AE-A880-274850278B6D}.Release|Any CPU.Build.0 = Release|Any CPU
		{07C8604D-F115-437F-B0A7-15202B9AD52C}.Debug|Any CPU.ActiveCfg = Debug|Any CPU
		{07C8604D-F115-437F-B0A7-15202B9AD52C}.Debug|Any CPU.Build.0 = Debug|Any CPU
		{07C8604D-F115-437F-B0A7-15202B9AD52C}.Release|Any CPU.ActiveCfg = Release|Any CPU
		{07C8604D-F115-437F-B0A7-15202B9AD52C}.Release|Any CPU.Build.0 = Release|Any CPU
		{BE760E01-93BC-40A0-80A4-584B539E9E33}.Debug|Any CPU.ActiveCfg = Debug|Any CPU
		{BE760E01-93BC-40A0-80A4-584B539E9E33}.Debug|Any CPU.Build.0 = Debug|Any CPU
		{BE760E01-93BC-40A0-80A4-584B539E9E33}.Release|Any CPU.ActiveCfg = Release|Any CPU
		{BE760E01-93BC-40A0-80A4-584B539E9E33}.Release|Any CPU.Build.0 = Release|Any CPU
		{D3889D8D-675C-4DE9-8360-7A57A5A7018A}.Debug|Any CPU.ActiveCfg = Debug|Any CPU
		{D3889D8D-675C-4DE9-8360-7A57A5A7018A}.Debug|Any CPU.Build.0 = Debug|Any CPU
		{D3889D8D-675C-4DE9-8360-7A57A5A7018A}.Release|Any CPU.ActiveCfg = Release|Any CPU
		{D3889D8D-675C-4DE9-8360-7A57A5A7018A}.Release|Any CPU.Build.0 = Release|Any CPU
		{F79D95A2-C06A-4EAB-8A94-A4A37CE7C8CE}.Debug|Any CPU.ActiveCfg = Debug|Any CPU
		{F79D95A2-C06A-4EAB-8A94-A4A37CE7C8CE}.Debug|Any CPU.Build.0 = Debug|Any CPU
		{F79D95A2-C06A-4EAB-8A94-A4A37CE7C8CE}.Release|Any CPU.ActiveCfg = Release|Any CPU
		{F79D95A2-C06A-4EAB-8A94-A4A37CE7C8CE}.Release|Any CPU.Build.0 = Release|Any CPU
		{5F875EC3-CC4E-4A6E-996F-AC52D3DC9BFA}.Debug|Any CPU.ActiveCfg = Debug|Any CPU
		{5F875EC3-CC4E-4A6E-996F-AC52D3DC9BFA}.Debug|Any CPU.Build.0 = Debug|Any CPU
		{5F875EC3-CC4E-4A6E-996F-AC52D3DC9BFA}.Release|Any CPU.ActiveCfg = Release|Any CPU
		{5F875EC3-CC4E-4A6E-996F-AC52D3DC9BFA}.Release|Any CPU.Build.0 = Release|Any CPU
		{1BC55AA7-519D-45BC-B100-B3D9258E1123}.Debug|Any CPU.ActiveCfg = Debug|Any CPU
		{1BC55AA7-519D-45BC-B100-B3D9258E1123}.Debug|Any CPU.Build.0 = Debug|Any CPU
		{1BC55AA7-519D-45BC-B100-B3D9258E1123}.Release|Any CPU.ActiveCfg = Release|Any CPU
		{1BC55AA7-519D-45BC-B100-B3D9258E1123}.Release|Any CPU.Build.0 = Release|Any CPU
		{C7FB2A3C-2014-43FA-97B5-8096BA407FF6}.Debug|Any CPU.ActiveCfg = Debug|Any CPU
		{C7FB2A3C-2014-43FA-97B5-8096BA407FF6}.Debug|Any CPU.Build.0 = Debug|Any CPU
		{C7FB2A3C-2014-43FA-97B5-8096BA407FF6}.Release|Any CPU.ActiveCfg = Release|Any CPU
		{C7FB2A3C-2014-43FA-97B5-8096BA407FF6}.Release|Any CPU.Build.0 = Release|Any CPU
		{C10652E8-E2FF-4E2F-B241-D9C1C12BA1D7}.Debug|Any CPU.ActiveCfg = Debug|Any CPU
		{C10652E8-E2FF-4E2F-B241-D9C1C12BA1D7}.Debug|Any CPU.Build.0 = Debug|Any CPU
		{C10652E8-E2FF-4E2F-B241-D9C1C12BA1D7}.Release|Any CPU.ActiveCfg = Release|Any CPU
		{C10652E8-E2FF-4E2F-B241-D9C1C12BA1D7}.Release|Any CPU.Build.0 = Release|Any CPU
	EndGlobalSection
	GlobalSection(SolutionProperties) = preSolution
		HideSolutionNode = FALSE
	EndGlobalSection
	GlobalSection(NestedProjects) = preSolution
		{AB7CB1A7-55F6-49AE-A880-274850278B6D} = {4B636B23-514A-4600-B893-B3939879605A}
		{07C8604D-F115-437F-B0A7-15202B9AD52C} = {CC6DBD75-2E39-4869-9803-A37042D8A8C7}
		{BE760E01-93BC-40A0-80A4-584B539E9E33} = {DE51109D-CCB8-437A-9185-B19792753A9E}
		{D3889D8D-675C-4DE9-8360-7A57A5A7018A} = {CC6DBD75-2E39-4869-9803-A37042D8A8C7}
		{F79D95A2-C06A-4EAB-8A94-A4A37CE7C8CE} = {CC6DBD75-2E39-4869-9803-A37042D8A8C7}
		{5F875EC3-CC4E-4A6E-996F-AC52D3DC9BFA} = {DE51109D-CCB8-437A-9185-B19792753A9E}
		{1BC55AA7-519D-45BC-B100-B3D9258E1123} = {128C3CB4-5D2C-4977-AEC2-17E51B26BB56}
		{C7FB2A3C-2014-43FA-97B5-8096BA407FF6} = {128C3CB4-5D2C-4977-AEC2-17E51B26BB56}
		{C10652E8-E2FF-4E2F-B241-D9C1C12BA1D7} = {8C558B35-8737-4953-88C4-C563F030E479}
	EndGlobalSection
	GlobalSection(ExtensibilityGlobals) = postSolution
		SolutionGuid = {9122AFEF-CD33-4268-99C9-F31B4B100B0D}
	EndGlobalSection
EndGlobal
